
Microsoft Visual Studio Solution File, Format Version 12.00
# Visual Studio 15
VisualStudioVersion = 15.0.28307.136
MinimumVisualStudioVersion = 10.0.40219.1
Project("{8BC9CEB8-8B4A-11D0-8D11-00A0C91BC942}") = "Lab 5", "Lab 5.vcxproj", "{F12DE085-E7D2-4A89-AD35-CF93A5FAD37F}"
EndProject
Global
	GlobalSection(SolutionConfigurationPlatforms) = preSolution
		Debug|x64 = Debug|x64
		Debug|x86 = Debug|x86
		Release|x64 = Release|x64
		Release|x86 = Release|x86
	EndGlobalSection
	GlobalSection(ProjectConfigurationPlatforms) = postSolution
		{F12DE085-E7D2-4A89-AD35-CF93A5FAD37F}.Debug|x64.ActiveCfg = Debug|x64
		{F12DE085-E7D2-4A89-AD35-CF93A5FAD37F}.Debug|x64.Build.0 = Debug|x64
		{F12DE085-E7D2-4A89-AD35-CF93A5FAD37F}.Debug|x86.ActiveCfg = Debug|Win32
		{F12DE085-E7D2-4A89-AD35-CF93A5FAD37F}.Debug|x86.Build.0 = Debug|Win32
		{F12DE085-E7D2-4A89-AD35-CF93A5FAD37F}.Release|x64.ActiveCfg = Release|x64
		{F12DE085-E7D2-4A89-AD35-CF93A5FAD37F}.Release|x64.Build.0 = Release|x64
		{F12DE085-E7D2-4A89-AD35-CF93A5FAD37F}.Release|x86.ActiveCfg = Release|Win32
		{F12DE085-E7D2-4A89-AD35-CF93A5FAD37F}.Release|x86.Build.0 = Release|Win32
	EndGlobalSection
	GlobalSection(SolutionProperties) = preSolution
		HideSolutionNode = FALSE
	EndGlobalSection
	GlobalSection(ExtensibilityGlobals) = postSolution
		SolutionGuid = {E83C1188-A9D6-489A-AD9B-DD4BFB0CDDB7}
	EndGlobalSection
EndGlobal
